# This file is automatically @generated by Poetry 2.1.1 and should not be changed by hand.

[[package]]
name = "annotated-types"
version = "0.7.0"
description = "Reusable constraint types to use with typing.Annotated"
optional = false
python-versions = ">=3.8"
groups = ["main"]
files = [
    {file = "annotated_types-0.7.0-py3-none-any.whl", hash = "sha256:1f02e8b43a8fbbc3f3e0d4f0f4bfc8131bcb4eebe8849b8e5c773f3a1c582a53"},
    {file = "annotated_types-0.7.0.tar.gz", hash = "sha256:aff07c09a53a08bc8cfccb9c85b05f1aa9a2a6f23728d790723543408344ce89"},
]

[[package]]
name = "click"
version = "8.1.8"
description = "Composable command line interface toolkit"
optional = false
python-versions = ">=3.7"
groups = ["main"]
files = [
    {file = "click-8.1.8-py3-none-any.whl", hash = "sha256:63c132bbbed01578a06712a2d1f497bb62d9c1c0d329b7903a866228027263b2"},
    {file = "click-8.1.8.tar.gz", hash = "sha256:ed53c9d8990d83c2a27deae68e4ee337473f6330c040a31d4225c9574d16096a"},
]

[package.dependencies]
colorama = {version = "*", markers = "platform_system == \"Windows\""}

[[package]]
name = "colorama"
version = "0.4.6"
description = "Cross-platform colored terminal text."
optional = false
python-versions = "!=3.0.*,!=3.1.*,!=3.2.*,!=3.3.*,!=3.4.*,!=3.5.*,!=3.6.*,>=2.7"
groups = ["main"]
markers = "platform_system == \"Windows\""
files = [
    {file = "colorama-0.4.6-py2.py3-none-any.whl", hash = "sha256:4f1d9991f5acc0ca119f9d443620b77f9d6b33703e51011c16baf57afb285fc6"},
    {file = "colorama-0.4.6.tar.gz", hash = "sha256:08695f5cb7ed6e0531a20572697297273c47b8cae5a63ffc6d6ed5c201be6e44"},
]

[[package]]
name = "finecode-extension-api"
version = "0.1.0"
description = ""
optional = false
python-versions = ">=3.11"
groups = ["main"]
files = []
develop = false

[package.dependencies]
pydantic = ">=2.10.6,<3.0.0"
typing-extensions = ">=4.12.2,<5.0.0"

[package.source]
type = "git"
url = "ssh://git@github.com/finecode-dev/finecode.git"
reference = "HEAD"
resolved_reference = "364be24883eef6cde9c38741045856147b2dee9b"
subdirectory = "finecode_extension_api"

[[package]]
name = "grimp"
version = "3.8"
description = "Builds a queryable graph of the imports within one or more Python packages."
optional = false
python-versions = ">=3.9"
groups = ["main"]
files = [
    {file = "grimp-3.8-cp310-cp310-macosx_10_12_x86_64.whl", hash = "sha256:aa1515b8ec7b5649f224e574c01592bc91d8bcf2d5d3141ac456a0788e31815f"},
    {file = "grimp-3.8-cp310-cp310-macosx_11_0_arm64.whl", hash = "sha256:82e347a634f463b1ce85ef8856a8a3abe5ff3b4de573bc6bde2e4f3c5bd5c25f"},
    {file = "grimp-3.8-cp310-cp310-manylinux_2_17_aarch64.manylinux2014_aarch64.whl", hash = "sha256:e3b484f481801ddab633b67590449e4187cbff30a2e346c5302552adf32d4ebb"},
    {file = "grimp-3.8-cp310-cp310-manylinux_2_17_armv7l.manylinux2014_armv7l.whl", hash = "sha256:217fc8ab29491a4d7cc5f6572bee4f5f4dd7ab65b4f4236a8180dfec9d7fe8c5"},
    {file = "grimp-3.8-cp310-cp310-manylinux_2_17_i686.manylinux2014_i686.whl", hash = "sha256:89c1e417e82b4c289bc23d809ca0c0d243472da5808b8b73dcfd4325e1dce51b"},
    {file = "grimp-3.8-cp310-cp310-manylinux_2_17_ppc64le.manylinux2014_ppc64le.whl", hash = "sha256:d606bd5bf967dac1a776cd40cfc2432006368e723057770e862aafaf9923cc13"},
    {file = "grimp-3.8-cp310-cp310-manylinux_2_17_s390x.manylinux2014_s390x.whl", hash = "sha256:db5fe13680982fdbccd8b3952810c356e3f6b98d1e873f0f9c7cc92fe477104c"},
    {file = "grimp-3.8-cp310-cp310-manylinux_2_17_x86_64.manylinux2014_x86_64.whl", hash = "sha256:041347ea827041ba256e9abc215b8aace20909cc64ee4bff95a2b2ad742225fe"},
    {file = "grimp-3.8-cp310-cp310-musllinux_1_2_aarch64.whl", hash = "sha256:95d20b2a9a4b30ff60cdd571ef95857b00c494addfa622a8ab42799bee2b4142"},
    {file = "grimp-3.8-cp310-cp310-musllinux_1_2_armv7l.whl", hash = "sha256:499f656267664398f8d002632b5195c56f022387e94581a7ea7b3422e3a0d846"},
    {file = "grimp-3.8-cp310-cp310-musllinux_1_2_i686.whl", hash = "sha256:0fcb8fe56979cc6f36fb9a39a038bc5e1091130708a0d878acea533aa25a288a"},
    {file = "grimp-3.8-cp310-cp310-musllinux_1_2_x86_64.whl", hash = "sha256:c3778b0bba952cabb3ad0f7032a0f543cd8be47d817938553780d7cd445d9317"},
    {file = "grimp-3.8-cp310-cp310-win32.whl", hash = "sha256:43034d3ea77d15caef049c4ac151ed72c0db564d94123a26d6174afc4df55672"},
    {file = "grimp-3.8-cp310-cp310-win_amd64.whl", hash = "sha256:55f6e75589543a0d18256bf93b1b326c6bdb6e9a201519b0e2b15f543f52770e"},
    {file = "grimp-3.8-cp311-cp311-macosx_10_12_x86_64.whl", hash = "sha256:007b86ecfb365d229b6dd2a42969554dec1d1d9e384af15d29f9a35bbf060ce9"},
    {file = "grimp-3.8-cp311-cp311-macosx_11_0_arm64.whl", hash = "sha256:efaf2fba8d886657eb35094edc1d615b47efa134976a6bc56d0e6a3314849c6e"},
    {file = "grimp-3.8-cp311-cp311-manylinux_2_17_aarch64.manylinux2014_aarch64.whl", hash = "sha256:3f1b8d07d49765adb6d366216cf53be3e8a9d9dbf107992f713072fc37f58278"},
    {file = "grimp-3.8-cp311-cp311-manylinux_2_17_armv7l.manylinux2014_armv7l.whl", hash = "sha256:72fc9f0015a4bacda4fa5c8f60fc2f264224cf70da856736b9bc30ffd30e7e2e"},
    {file = "grimp-3.8-cp311-cp311-manylinux_2_17_i686.manylinux2014_i686.whl", hash = "sha256:22e2b137b97604c12ac2e9279a62b3c95258469752e5efbb7833365dcbce4ab3"},
    {file = "grimp-3.8-cp311-cp311-manylinux_2_17_ppc64le.manylinux2014_ppc64le.whl", hash = "sha256:70809242a15e114da7107a7cadabb6363b627e6f76afd47fbdb8d57732b11eb3"},
    {file = "grimp-3.8-cp311-cp311-manylinux_2_17_s390x.manylinux2014_s390x.whl", hash = "sha256:9cadbb9f59c0b48f37d4ce3cf462ea0b75571eac679b8319314bd56fc2df81f8"},
    {file = "grimp-3.8-cp311-cp311-manylinux_2_17_x86_64.manylinux2014_x86_64.whl", hash = "sha256:9548762a7f6106da3f869d9e4a36555a7ccb3ae6d1326a209a9cfd30f1499d2c"},
    {file = "grimp-3.8-cp311-cp311-musllinux_1_2_aarch64.whl", hash = "sha256:a58cec92824ceb5e9574401e2d03b8bcfb6653e811b772a232fa1027c2e82fb9"},
    {file = "grimp-3.8-cp311-cp311-musllinux_1_2_armv7l.whl", hash = "sha256:20aec912871d990c7622e8749c6d54e6291b89bb96e1cd633c70f26fa328657c"},
    {file = "grimp-3.8-cp311-cp311-musllinux_1_2_i686.whl", hash = "sha256:a9ac810661f95314496b59409764fb181a517997361d9ff89dd21bebc24a7d98"},
    {file = "grimp-3.8-cp311-cp311-musllinux_1_2_x86_64.whl", hash = "sha256:9bb2c8ec99d6ebe48f6b79efd15f6080c7ffe65647cd313a04a844deed25fb82"},
    {file = "grimp-3.8-cp311-cp311-win32.whl", hash = "sha256:26db5476902a975cdda71c4f5d0f51dec1edcfd5668f9d4505043c659703f109"},
    {file = "grimp-3.8-cp311-cp311-win_amd64.whl", hash = "sha256:529b58aa6092b4203cdd592beb2e13ae23795c04a16d488ec573fb21a007f187"},
    {file = "grimp-3.8-cp312-cp312-macosx_10_12_x86_64.whl", hash = "sha256:ca20e8bc8bbe3c8362e3a8a410a44e6386ae879e5caeb413f8349eaf0c71025f"},
    {file = "grimp-3.8-cp312-cp312-macosx_11_0_arm64.whl", hash = "sha256:68b5c19b77f69b71addf2fbd49dfe27ddcf2bbd241653c49b6e8c88d81490042"},
    {file = "grimp-3.8-cp312-cp312-manylinux_2_17_aarch64.manylinux2014_aarch64.whl", hash = "sha256:b7a2a4789fb1820567d3def5bd9926c5d360be4c93782a0afa899d33dcc56d6e"},
    {file = "grimp-3.8-cp312-cp312-manylinux_2_17_armv7l.manylinux2014_armv7l.whl", hash = "sha256:855bbf754055618f79b710d2023055c8548a9b4d9f40bb504f9deb4bc57fe550"},
    {file = "grimp-3.8-cp312-cp312-manylinux_2_17_i686.manylinux2014_i686.whl", hash = "sha256:5f04953a104bed2267dccce9e5f18b1fd1ee386ecdf62e62d6ba3ceb44c27652"},
    {file = "grimp-3.8-cp312-cp312-manylinux_2_17_ppc64le.manylinux2014_ppc64le.whl", hash = "sha256:e9cb8677996f023c8ae665a5bca4f221b415c9ef212b7a8b4b1580821531eb9b"},
    {file = "grimp-3.8-cp312-cp312-manylinux_2_17_s390x.manylinux2014_s390x.whl", hash = "sha256:b1eb07a7349c0482854cb5b92a6d4277360fba873a60975c2531162eb7f313cb"},
    {file = "grimp-3.8-cp312-cp312-manylinux_2_17_x86_64.manylinux2014_x86_64.whl", hash = "sha256:ed0bacaf37f8c0eb53257155c20261d48d3afdf5f8e8164b6437afa8c3cc8658"},
    {file = "grimp-3.8-cp312-cp312-musllinux_1_2_aarch64.whl", hash = "sha256:d4259ebcaa4a405929e1dc3f93fa90eca32979cddeb346d2841f8576492872a1"},
    {file = "grimp-3.8-cp312-cp312-musllinux_1_2_armv7l.whl", hash = "sha256:26ebdb8dd00a442f944186cd40a22acad27855df1ba7f3917156e022120ed903"},
    {file = "grimp-3.8-cp312-cp312-musllinux_1_2_i686.whl", hash = "sha256:c4c2e982f3158ffb63bc2de0fc4c50cc4d784a3108cc4ce6e1eee1982f333f71"},
    {file = "grimp-3.8-cp312-cp312-musllinux_1_2_x86_64.whl", hash = "sha256:93f89b226199e4cd02d7f10784643e9510471e74cef7a1f39866b8de6c82147d"},
    {file = "grimp-3.8-cp312-cp312-win32.whl", hash = "sha256:682088ae676db119e5798ca4bf0f3ce2de5acad841a6d3770ce3fe91bb4aa9c0"},
    {file = "grimp-3.8-cp312-cp312-win_amd64.whl", hash = "sha256:e7098a3d81729318eb54da5ac6f4a8f9bbb8074da8202bd01a745b7bd298bb64"},
    {file = "grimp-3.8-cp313-cp313-macosx_10_12_x86_64.whl", hash = "sha256:f9de5f54d5ea5b99e66cd7f75ab1feb4eff3d1ac890465dabbed48efcd14291c"},
    {file = "grimp-3.8-cp313-cp313-macosx_11_0_arm64.whl", hash = "sha256:c9421bfc31815613ea6f08502239b928fdda335e59e4c6641f7d269307e9fbb4"},
    {file = "grimp-3.8-cp313-cp313-manylinux_2_17_aarch64.manylinux2014_aarch64.whl", hash = "sha256:e8f29727df1e10e6e4f9ca81dd85924af8516af8c8006aedb6381dc7430065d5"},
    {file = "grimp-3.8-cp313-cp313-manylinux_2_17_armv7l.manylinux2014_armv7l.whl", hash = "sha256:0b298c9c427895a0c35b01e7c96fc2b874d4cfb2b9ea7245124d7dba0b130f76"},
    {file = "grimp-3.8-cp313-cp313-manylinux_2_17_i686.manylinux2014_i686.whl", hash = "sha256:0d96187cab0d9d78de35da6b78123107a1e2ecad7a5ba4b4009df547eb5f1a00"},
    {file = "grimp-3.8-cp313-cp313-manylinux_2_17_ppc64le.manylinux2014_ppc64le.whl", hash = "sha256:a858847b7bfa154b03baa9089271b84238156345910cfab92a2455bddf4c569c"},
    {file = "grimp-3.8-cp313-cp313-manylinux_2_17_s390x.manylinux2014_s390x.whl", hash = "sha256:db3bb304d6fbfa6aa55be6ffb63cae4d6874407afa9187836502a49445c8cea0"},
    {file = "grimp-3.8-cp313-cp313-manylinux_2_17_x86_64.manylinux2014_x86_64.whl", hash = "sha256:8f926224130c8060649e557629b7b3093253cbadb0b8527ba01bd661c49225ac"},
    {file = "grimp-3.8-cp313-cp313-musllinux_1_2_aarch64.whl", hash = "sha256:01f3ebe83118eb3f39da627014a9ac9126f84a2f2b8910b87caa5c1bdbbf0508"},
    {file = "grimp-3.8-cp313-cp313-musllinux_1_2_armv7l.whl", hash = "sha256:e2906eaab81dae853a83d75a491a04a0622fb5ec3e52c198546e7e862129d3eb"},
    {file = "grimp-3.8-cp313-cp313-musllinux_1_2_i686.whl", hash = "sha256:e3b319bf77abe8fc14bc6ae4030d14e8afafcb270724e00f67e55426fe4817ca"},
    {file = "grimp-3.8-cp313-cp313-musllinux_1_2_x86_64.whl", hash = "sha256:82f19d486e936eeee3466c2ceb4a259c84221733be4419b028dcb8ddb17d2945"},
    {file = "grimp-3.8-cp313-cp313-win32.whl", hash = "sha256:874b4e05b47212403f569f1cc7672957dd3a1772d94b738685d2fec17730922f"},
    {file = "grimp-3.8-cp313-cp313-win_amd64.whl", hash = "sha256:d47b504ceb564c0d9051721eddc56d66012ea27576aa44c061b610383c921823"},
    {file = "grimp-3.8-cp313-cp313t-manylinux_2_17_aarch64.manylinux2014_aarch64.whl", hash = "sha256:e9f73ed5cbc8969501acf67da3685e5cf6f6b6e4acb5833aba62cef2b32dec92"},
    {file = "grimp-3.8-cp313-cp313t-manylinux_2_17_armv7l.manylinux2014_armv7l.whl", hash = "sha256:b7591efadfc39f47a7816d2473337beb2eed9d90e452b0526d5abf7c88eb6298"},
    {file = "grimp-3.8-cp313-cp313t-manylinux_2_17_ppc64le.manylinux2014_ppc64le.whl", hash = "sha256:fd03b42fffc79feb9877ba5d205b84d4329236249fb3677d23ac15d41f9abe79"},
    {file = "grimp-3.8-cp313-cp313t-manylinux_2_17_s390x.manylinux2014_s390x.whl", hash = "sha256:a835ea864769f5bf4a2e09d92862d904646564d260e80610439dc87a4eb1dea2"},
    {file = "grimp-3.8-cp313-cp313t-musllinux_1_2_aarch64.whl", hash = "sha256:037e7f724412b2137c8cb269ebc7a5905aa9232d5ece42c94dfddda9d47bafbb"},
    {file = "grimp-3.8-cp313-cp313t-musllinux_1_2_armv7l.whl", hash = "sha256:10cd86961cc85b38fb4594f580be6b629233809a9f27fd0d6308a32e7342b120"},
    {file = "grimp-3.8-cp313-cp313t-musllinux_1_2_i686.whl", hash = "sha256:ee625b7aa5dc7ea922aea0e6fafb6cff981e5acdea74d2a22db65972ff25daea"},
    {file = "grimp-3.8-cp313-cp313t-musllinux_1_2_x86_64.whl", hash = "sha256:fe11aee6e7b7859ab8ad51362c1f7205d33de1aa31e989fc201b24c3e742125d"},
    {file = "grimp-3.8-cp39-cp39-macosx_10_12_x86_64.whl", hash = "sha256:3366c45ee03ee009577b7e1d1c52ce7485c13e852fb4f5af434fa699b136a80f"},
    {file = "grimp-3.8-cp39-cp39-macosx_11_0_arm64.whl", hash = "sha256:f579243ded8f766109fc1576b1a4982543c49d5726657bc08c2444e0948d3063"},
    {file = "grimp-3.8-cp39-cp39-manylinux_2_17_aarch64.manylinux2014_aarch64.whl", hash = "sha256:3b174f8f8493b3575b5625f6623994e181d043297e7004d955d3f0794a3c9814"},
    {file = "grimp-3.8-cp39-cp39-manylinux_2_17_armv7l.manylinux2014_armv7l.whl", hash = "sha256:414e88f0b005282fc5b3610fc26926821032da9e2f66dd713932da2ab06780ea"},
    {file = "grimp-3.8-cp39-cp39-manylinux_2_17_i686.manylinux2014_i686.whl", hash = "sha256:96ac5bdfbcc26af5b854c452ec1c2914277c62ab1ec6f3548fa40e8b42f7a238"},
    {file = "grimp-3.8-cp39-cp39-manylinux_2_17_ppc64le.manylinux2014_ppc64le.whl", hash = "sha256:51e94db4683eb39db59cda8d458475e2dd933f68b2ff03e46f1fc08cd706a6a5"},
    {file = "grimp-3.8-cp39-cp39-manylinux_2_17_s390x.manylinux2014_s390x.whl", hash = "sha256:46f69b34596dcd1ee5dc498634e9153a0d4a7a651e8113ee90bfea42f0b692d6"},
    {file = "grimp-3.8-cp39-cp39-manylinux_2_17_x86_64.manylinux2014_x86_64.whl", hash = "sha256:4075133c4d7ebc3d352b7086322a0749d9a040b1ba508563867840a275d38797"},
    {file = "grimp-3.8-cp39-cp39-musllinux_1_2_aarch64.whl", hash = "sha256:4dbf6dea14deddeda142031deb25b8abfc8ff1d82242c3f317f7d9243b0bd6c9"},
    {file = "grimp-3.8-cp39-cp39-musllinux_1_2_armv7l.whl", hash = "sha256:3cf548ab5374053e09e4aee17879e52d2525f39df6b1cc65ff5f45dc9438ad94"},
    {file = "grimp-3.8-cp39-cp39-musllinux_1_2_i686.whl", hash = "sha256:462b9e6a500985c6daa0809b06d9f7a9b9e3e965dc7b67d3cd917b60d093498f"},
    {file = "grimp-3.8-cp39-cp39-musllinux_1_2_x86_64.whl", hash = "sha256:b5e7840ab07aff417ca5e291578ac692cf1cc3d61dca16c17e66324c60fceae0"},
    {file = "grimp-3.8-cp39-cp39-win32.whl", hash = "sha256:ab234b5d9c5ca4a56f7ae620cc325e299f53377e097901e0dce61d964598a1ce"},
    {file = "grimp-3.8-cp39-cp39-win_amd64.whl", hash = "sha256:40e5def4b8d2f39619526c8d3c2e7e70c4e3d7e7833dfbddd984db6556862671"},
    {file = "grimp-3.8-pp310-pypy310_pp73-manylinux_2_17_aarch64.manylinux2014_aarch64.whl", hash = "sha256:ab42430fcbe2fe75ff4a2cf2566392ec8c0ce5da0ce2858a8248dfff52fcdb77"},
    {file = "grimp-3.8-pp310-pypy310_pp73-manylinux_2_17_armv7l.manylinux2014_armv7l.whl", hash = "sha256:1a296cfed99deafc2bf9d242372ad392cef12f788c5544a6dd423b41ba7f1abb"},
    {file = "grimp-3.8-pp310-pypy310_pp73-manylinux_2_17_i686.manylinux2014_i686.whl", hash = "sha256:3a2a5f8a6ae464569e6bf16d54f465309b0bc7c46761334e7b92751417fa9534"},
    {file = "grimp-3.8-pp310-pypy310_pp73-manylinux_2_17_ppc64le.manylinux2014_ppc64le.whl", hash = "sha256:4c8fae404dac89a4ed06c70bab901ce098fc612f533e6289b69f6eccaf3979aa"},
    {file = "grimp-3.8-pp310-pypy310_pp73-manylinux_2_17_s390x.manylinux2014_s390x.whl", hash = "sha256:894ee6971431d249957c433bee738e71571c0fe4ceff9feb93cd7cff960d0904"},
    {file = "grimp-3.8-pp310-pypy310_pp73-manylinux_2_17_x86_64.manylinux2014_x86_64.whl", hash = "sha256:a010578709545d9009416f26a9d32dc877f154d5f69b1707eb3eb99653ad93c6"},
    {file = "grimp-3.8-pp310-pypy310_pp73-musllinux_1_2_aarch64.whl", hash = "sha256:aa91b47e914ce0b3c579fddd930e057fc2ebca9ec8adb687431893360dd2a8cd"},
    {file = "grimp-3.8-pp310-pypy310_pp73-musllinux_1_2_armv7l.whl", hash = "sha256:cd33754dfb4c14f046b3c1b1f98edb7c4bc3786decd60ffca0d53bda12b49f6c"},
    {file = "grimp-3.8-pp310-pypy310_pp73-musllinux_1_2_i686.whl", hash = "sha256:652247a56931244508156de7da94bb025909156358db5ee9587f4ad8ba9a5f78"},
    {file = "grimp-3.8-pp310-pypy310_pp73-musllinux_1_2_x86_64.whl", hash = "sha256:74bb90b7e960640a213f6f6b90d395f17fb4dc98c3a860116750c45c2b4c9965"},
    {file = "grimp-3.8-pp311-pypy311_pp73-manylinux_2_17_aarch64.manylinux2014_aarch64.whl", hash = "sha256:0956885110e9f3d69ea1ef42d8bf7d6313402e93e707b13cdc1d87e1ea9c4a40"},
    {file = "grimp-3.8-pp311-pypy311_pp73-manylinux_2_17_armv7l.manylinux2014_armv7l.whl", hash = "sha256:6fea1e337aaeba272a82467a8e6c67fc3fa0d42aa47cdb358c9dd8e8118d465e"},
    {file = "grimp-3.8-pp311-pypy311_pp73-manylinux_2_17_i686.manylinux2014_i686.whl", hash = "sha256:e43dd0be6131f2685dc7fb4c4a45b4836d1db45b0b5ad4125e215336dfb69335"},
    {file = "grimp-3.8-pp311-pypy311_pp73-manylinux_2_17_ppc64le.manylinux2014_ppc64le.whl", hash = "sha256:3c347052bcfe8290086e9e879aa90a5b64998b0ed4864ac29615186379272517"},
    {file = "grimp-3.8-pp311-pypy311_pp73-manylinux_2_17_s390x.manylinux2014_s390x.whl", hash = "sha256:96d413e276c495f80209f99b4febc80e0e0d5187bfb24e2330678ba89a1882d5"},
    {file = "grimp-3.8-pp311-pypy311_pp73-manylinux_2_17_x86_64.manylinux2014_x86_64.whl", hash = "sha256:c6214ee66388d9cd23e8aca80aa8278e4cb493abeb8c2c55535000117b564ae1"},
    {file = "grimp-3.8-pp311-pypy311_pp73-musllinux_1_2_aarch64.whl", hash = "sha256:7b22314fafed41989dbe8b2c965f165d4683e85cd00c86b9a26183d975b896d5"},
    {file = "grimp-3.8-pp311-pypy311_pp73-musllinux_1_2_armv7l.whl", hash = "sha256:064ca492ab6a2f7fd32e0eb54a5e9bbb20292b9b4de04b6fdc5bdb4d084b7d56"},
    {file = "grimp-3.8-pp311-pypy311_pp73-musllinux_1_2_i686.whl", hash = "sha256:3954458791c9073fb5af1fbe320422c7992eb1befec7e89c69c708a3b8df8ffd"},
    {file = "grimp-3.8-pp311-pypy311_pp73-musllinux_1_2_x86_64.whl", hash = "sha256:e4a6c91944614cdc36a4bccb2d14d4a3374fa86b257b4a2bf4cf968bb04c9ff7"},
    {file = "grimp-3.8-pp39-pypy39_pp73-manylinux_2_17_aarch64.manylinux2014_aarch64.whl", hash = "sha256:bd1180f3106c542b31b1312f57e320cc1c0639bc70e5918c5d8d9ac5b3382f44"},
    {file = "grimp-3.8-pp39-pypy39_pp73-manylinux_2_17_armv7l.manylinux2014_armv7l.whl", hash = "sha256:b2de53dcfef21732dfbb07f6de34298a8e09288724e46a6611aa79f30a6f1558"},
    {file = "grimp-3.8-pp39-pypy39_pp73-manylinux_2_17_ppc64le.manylinux2014_ppc64le.whl", hash = "sha256:8ba66c11e1ab9bef437fc4a236316306c0bc0b09446eb92697784123afd8d7a1"},
    {file = "grimp-3.8-pp39-pypy39_pp73-manylinux_2_17_s390x.manylinux2014_s390x.whl", hash = "sha256:1ea01b888e01b790f60b5b4127d746cc78dad49b15931188d65c2c1e89099ae1"},
    {file = "grimp-3.8-pp39-pypy39_pp73-musllinux_1_2_aarch64.whl", hash = "sha256:a182e4e1d891020f20c836a82807d6b7a8faff5576d0d099ef5bac476cbab8fe"},
    {file = "grimp-3.8-pp39-pypy39_pp73-musllinux_1_2_armv7l.whl", hash = "sha256:3343d7bcf7bff4b162ca5ed66a5a681e4663c1643bf2538a3107c0dc4a0d9d85"},
    {file = "grimp-3.8-pp39-pypy39_pp73-musllinux_1_2_i686.whl", hash = "sha256:18f54616302a7d9eb76edee7de7e027dcae94de7d04ddff0d3c98a17b4f0739c"},
    {file = "grimp-3.8-pp39-pypy39_pp73-musllinux_1_2_x86_64.whl", hash = "sha256:89efcea272213b8a79a17b58041d592a6239ff18047cd0e049cff46e524f50f4"},
    {file = "grimp-3.8.tar.gz", hash = "sha256:20d2acb8a07504df17abd31f6d312996121014331a1072bac923162efec28b77"},
]

[package.dependencies]
typing-extensions = ">=3.10.0.0"

[[package]]
name = "import-linter"
version = "2.3"
description = "Enforces rules for the imports within and between Python packages."
optional = false
python-versions = ">=3.9"
groups = ["main"]
files = [
    {file = "import_linter-2.3-py3-none-any.whl", hash = "sha256:5b851776782048ff1be214f1e407ef2e3d30dcb23194e8b852772941811a1258"},
    {file = "import_linter-2.3.tar.gz", hash = "sha256:863646106d52ee5489965670f97a2a78f2c8c68d2d20392322bf0d7cc0111aa7"},
]

[package.dependencies]
click = ">=6"
grimp = ">=3.7"
typing-extensions = ">=3.10.0.0"

[[package]]
name = "pydantic"
version = "2.11.3"
description = "Data validation using Python type hints"
optional = false
python-versions = ">=3.9"
groups = ["main"]
files = [
    {file = "pydantic-2.11.3-py3-none-any.whl", hash = "sha256:a082753436a07f9ba1289c6ffa01cd93db3548776088aa917cc43b63f68fa60f"},
    {file = "pydantic-2.11.3.tar.gz", hash = "sha256:7471657138c16adad9322fe3070c0116dd6c3ad8d649300e3cbdfe91f4db4ec3"},
]

[package.dependencies]
annotated-types = ">=0.6.0"
pydantic-core = "2.33.1"
typing-extensions = ">=4.12.2"
typing-inspection = ">=0.4.0"

[package.extras]
email = ["email-validator (>=2.0.0)"]
timezone = ["tzdata ; python_version >= \"3.9\" and platform_system == \"Windows\""]

[[package]]
name = "pydantic-core"
version = "2.33.1"
description = "Core functionality for Pydantic validation and serialization"
optional = false
python-versions = ">=3.9"
groups = ["main"]
files = [
    {file = "pydantic_core-2.33.1-cp310-cp310-macosx_10_12_x86_64.whl", hash = "sha256:3077cfdb6125cc8dab61b155fdd714663e401f0e6883f9632118ec12cf42df26"},
    {file = "pydantic_core-2.33.1-cp310-cp310-macosx_11_0_arm64.whl", hash = "sha256:8ffab8b2908d152e74862d276cf5017c81a2f3719f14e8e3e8d6b83fda863927"},
    {file = "pydantic_core-2.33.1-cp310-cp310-manylinux_2_17_aarch64.manylinux2014_aarch64.whl", hash = "sha256:5183e4f6a2d468787243ebcd70cf4098c247e60d73fb7d68d5bc1e1beaa0c4db"},
    {file = "pydantic_core-2.33.1-cp310-cp310-manylinux_2_17_armv7l.manylinux2014_armv7l.whl", hash = "sha256:398a38d323f37714023be1e0285765f0a27243a8b1506b7b7de87b647b517e48"},
    {file = "pydantic_core-2.33.1-cp310-cp310-manylinux_2_17_ppc64le.manylinux2014_ppc64le.whl", hash = "sha256:87d3776f0001b43acebfa86f8c64019c043b55cc5a6a2e313d728b5c95b46969"},
    {file = "pydantic_core-2.33.1-cp310-cp310-manylinux_2_17_s390x.manylinux2014_s390x.whl", hash = "sha256:c566dd9c5f63d22226409553531f89de0cac55397f2ab8d97d6f06cfce6d947e"},
    {file = "pydantic_core-2.33.1-cp310-cp310-manylinux_2_17_x86_64.manylinux2014_x86_64.whl", hash = "sha256:a0d5f3acc81452c56895e90643a625302bd6be351e7010664151cc55b7b97f89"},
    {file = "pydantic_core-2.33.1-cp310-cp310-manylinux_2_5_i686.manylinux1_i686.whl", hash = "sha256:d3a07fadec2a13274a8d861d3d37c61e97a816beae717efccaa4b36dfcaadcde"},
    {file = "pydantic_core-2.33.1-cp310-cp310-musllinux_1_1_aarch64.whl", hash = "sha256:f99aeda58dce827f76963ee87a0ebe75e648c72ff9ba1174a253f6744f518f65"},
    {file = "pydantic_core-2.33.1-cp310-cp310-musllinux_1_1_armv7l.whl", hash = "sha256:902dbc832141aa0ec374f4310f1e4e7febeebc3256f00dc359a9ac3f264a45dc"},
    {file = "pydantic_core-2.33.1-cp310-cp310-musllinux_1_1_x86_64.whl", hash = "sha256:fe44d56aa0b00d66640aa84a3cbe80b7a3ccdc6f0b1ca71090696a6d4777c091"},
    {file = "pydantic_core-2.33.1-cp310-cp310-win32.whl", hash = "sha256:ed3eb16d51257c763539bde21e011092f127a2202692afaeaccb50db55a31383"},
    {file = "pydantic_core-2.33.1-cp310-cp310-win_amd64.whl", hash = "sha256:694ad99a7f6718c1a498dc170ca430687a39894a60327f548e02a9c7ee4b6504"},
    {file = "pydantic_core-2.33.1-cp311-cp311-macosx_10_12_x86_64.whl", hash = "sha256:6e966fc3caaf9f1d96b349b0341c70c8d6573bf1bac7261f7b0ba88f96c56c24"},
    {file = "pydantic_core-2.33.1-cp311-cp311-macosx_11_0_arm64.whl", hash = "sha256:bfd0adeee563d59c598ceabddf2c92eec77abcb3f4a391b19aa7366170bd9e30"},
    {file = "pydantic_core-2.33.1-cp311-cp311-manylinux_2_17_aarch64.manylinux2014_aarch64.whl", hash = "sha256:91815221101ad3c6b507804178a7bb5cb7b2ead9ecd600041669c8d805ebd595"},
    {file = "pydantic_core-2.33.1-cp311-cp311-manylinux_2_17_armv7l.manylinux2014_armv7l.whl", hash = "sha256:9fea9c1869bb4742d174a57b4700c6dadea951df8b06de40c2fedb4f02931c2e"},
    {file = "pydantic_core-2.33.1-cp311-cp311-manylinux_2_17_ppc64le.manylinux2014_ppc64le.whl", hash = "sha256:1d20eb4861329bb2484c021b9d9a977566ab16d84000a57e28061151c62b349a"},
    {file = "pydantic_core-2.33.1-cp311-cp311-manylinux_2_17_s390x.manylinux2014_s390x.whl", hash = "sha256:0fb935c5591573ae3201640579f30128ccc10739b45663f93c06796854405505"},
    {file = "pydantic_core-2.33.1-cp311-cp311-manylinux_2_17_x86_64.manylinux2014_x86_64.whl", hash = "sha256:c964fd24e6166420d18fb53996d8c9fd6eac9bf5ae3ec3d03015be4414ce497f"},
    {file = "pydantic_core-2.33.1-cp311-cp311-manylinux_2_5_i686.manylinux1_i686.whl", hash = "sha256:681d65e9011f7392db5aa002b7423cc442d6a673c635668c227c6c8d0e5a4f77"},
    {file = "pydantic_core-2.33.1-cp311-cp311-musllinux_1_1_aarch64.whl", hash = "sha256:e100c52f7355a48413e2999bfb4e139d2977a904495441b374f3d4fb4a170961"},
    {file = "pydantic_core-2.33.1-cp311-cp311-musllinux_1_1_armv7l.whl", hash = "sha256:048831bd363490be79acdd3232f74a0e9951b11b2b4cc058aeb72b22fdc3abe1"},
    {file = "pydantic_core-2.33.1-cp311-cp311-musllinux_1_1_x86_64.whl", hash = "sha256:bdc84017d28459c00db6f918a7272a5190bec3090058334e43a76afb279eac7c"},
    {file = "pydantic_core-2.33.1-cp311-cp311-win32.whl", hash = "sha256:32cd11c5914d1179df70406427097c7dcde19fddf1418c787540f4b730289896"},
    {file = "pydantic_core-2.33.1-cp311-cp311-win_amd64.whl", hash = "sha256:2ea62419ba8c397e7da28a9170a16219d310d2cf4970dbc65c32faf20d828c83"},
    {file = "pydantic_core-2.33.1-cp311-cp311-win_arm64.whl", hash = "sha256:fc903512177361e868bc1f5b80ac8c8a6e05fcdd574a5fb5ffeac5a9982b9e89"},
    {file = "pydantic_core-2.33.1-cp312-cp312-macosx_10_12_x86_64.whl", hash = "sha256:1293d7febb995e9d3ec3ea09caf1a26214eec45b0f29f6074abb004723fc1de8"},
    {file = "pydantic_core-2.33.1-cp312-cp312-macosx_11_0_arm64.whl", hash = "sha256:99b56acd433386c8f20be5c4000786d1e7ca0523c8eefc995d14d79c7a081498"},
    {file = "pydantic_core-2.33.1-cp312-cp312-manylinux_2_17_aarch64.manylinux2014_aarch64.whl", hash = "sha256:35a5ec3fa8c2fe6c53e1b2ccc2454398f95d5393ab398478f53e1afbbeb4d939"},
    {file = "pydantic_core-2.33.1-cp312-cp312-manylinux_2_17_armv7l.manylinux2014_armv7l.whl", hash = "sha256:b172f7b9d2f3abc0efd12e3386f7e48b576ef309544ac3a63e5e9cdd2e24585d"},
    {file = "pydantic_core-2.33.1-cp312-cp312-manylinux_2_17_ppc64le.manylinux2014_ppc64le.whl", hash = "sha256:9097b9f17f91eea659b9ec58148c0747ec354a42f7389b9d50701610d86f812e"},
    {file = "pydantic_core-2.33.1-cp312-cp312-manylinux_2_17_s390x.manylinux2014_s390x.whl", hash = "sha256:cc77ec5b7e2118b152b0d886c7514a4653bcb58c6b1d760134a9fab915f777b3"},
    {file = "pydantic_core-2.33.1-cp312-cp312-manylinux_2_17_x86_64.manylinux2014_x86_64.whl", hash = "sha256:d5e3d15245b08fa4a84cefc6c9222e6f37c98111c8679fbd94aa145f9a0ae23d"},
    {file = "pydantic_core-2.33.1-cp312-cp312-manylinux_2_5_i686.manylinux1_i686.whl", hash = "sha256:ef99779001d7ac2e2461d8ab55d3373fe7315caefdbecd8ced75304ae5a6fc6b"},
    {file = "pydantic_core-2.33.1-cp312-cp312-musllinux_1_1_aarch64.whl", hash = "sha256:fc6bf8869e193855e8d91d91f6bf59699a5cdfaa47a404e278e776dd7f168b39"},
    {file = "pydantic_core-2.33.1-cp312-cp312-musllinux_1_1_armv7l.whl", hash = "sha256:b1caa0bc2741b043db7823843e1bde8aaa58a55a58fda06083b0569f8b45693a"},
    {file = "pydantic_core-2.33.1-cp312-cp312-musllinux_1_1_x86_64.whl", hash = "sha256:ec259f62538e8bf364903a7d0d0239447059f9434b284f5536e8402b7dd198db"},
    {file = "pydantic_core-2.33.1-cp312-cp312-win32.whl", hash = "sha256:e14f369c98a7c15772b9da98987f58e2b509a93235582838bd0d1d8c08b68fda"},
    {file = "pydantic_core-2.33.1-cp312-cp312-win_amd64.whl", hash = "sha256:1c607801d85e2e123357b3893f82c97a42856192997b95b4d8325deb1cd0c5f4"},
    {file = "pydantic_core-2.33.1-cp312-cp312-win_arm64.whl", hash = "sha256:8d13f0276806ee722e70a1c93da19748594f19ac4299c7e41237fc791d1861ea"},
    {file = "pydantic_core-2.33.1-cp313-cp313-macosx_10_12_x86_64.whl", hash = "sha256:70af6a21237b53d1fe7b9325b20e65cbf2f0a848cf77bed492b029139701e66a"},
    {file = "pydantic_core-2.33.1-cp313-cp313-macosx_11_0_arm64.whl", hash = "sha256:282b3fe1bbbe5ae35224a0dbd05aed9ccabccd241e8e6b60370484234b456266"},
    {file = "pydantic_core-2.33.1-cp313-cp313-manylinux_2_17_aarch64.manylinux2014_aarch64.whl", hash = "sha256:4b315e596282bbb5822d0c7ee9d255595bd7506d1cb20c2911a4da0b970187d3"},
    {file = "pydantic_core-2.33.1-cp313-cp313-manylinux_2_17_armv7l.manylinux2014_armv7l.whl", hash = "sha256:1dfae24cf9921875ca0ca6a8ecb4bb2f13c855794ed0d468d6abbec6e6dcd44a"},
    {file = "pydantic_core-2.33.1-cp313-cp313-manylinux_2_17_ppc64le.manylinux2014_ppc64le.whl", hash = "sha256:6dd8ecfde08d8bfadaea669e83c63939af76f4cf5538a72597016edfa3fad516"},
    {file = "pydantic_core-2.33.1-cp313-cp313-manylinux_2_17_s390x.manylinux2014_s390x.whl", hash = "sha256:2f593494876eae852dc98c43c6f260f45abdbfeec9e4324e31a481d948214764"},
    {file = "pydantic_core-2.33.1-cp313-cp313-manylinux_2_17_x86_64.manylinux2014_x86_64.whl", hash = "sha256:948b73114f47fd7016088e5186d13faf5e1b2fe83f5e320e371f035557fd264d"},
    {file = "pydantic_core-2.33.1-cp313-cp313-manylinux_2_5_i686.manylinux1_i686.whl", hash = "sha256:e11f3864eb516af21b01e25fac915a82e9ddad3bb0fb9e95a246067398b435a4"},
    {file = "pydantic_core-2.33.1-cp313-cp313-musllinux_1_1_aarch64.whl", hash = "sha256:549150be302428b56fdad0c23c2741dcdb5572413776826c965619a25d9c6bde"},
    {file = "pydantic_core-2.33.1-cp313-cp313-musllinux_1_1_armv7l.whl", hash = "sha256:495bc156026efafd9ef2d82372bd38afce78ddd82bf28ef5276c469e57c0c83e"},
    {file = "pydantic_core-2.33.1-cp313-cp313-musllinux_1_1_x86_64.whl", hash = "sha256:ec79de2a8680b1a67a07490bddf9636d5c2fab609ba8c57597e855fa5fa4dacd"},
    {file = "pydantic_core-2.33.1-cp313-cp313-win32.whl", hash = "sha256:ee12a7be1742f81b8a65b36c6921022301d466b82d80315d215c4c691724986f"},
    {file = "pydantic_core-2.33.1-cp313-cp313-win_amd64.whl", hash = "sha256:ede9b407e39949d2afc46385ce6bd6e11588660c26f80576c11c958e6647bc40"},
    {file = "pydantic_core-2.33.1-cp313-cp313-win_arm64.whl", hash = "sha256:aa687a23d4b7871a00e03ca96a09cad0f28f443690d300500603bd0adba4b523"},
    {file = "pydantic_core-2.33.1-cp313-cp313t-macosx_11_0_arm64.whl", hash = "sha256:401d7b76e1000d0dd5538e6381d28febdcacb097c8d340dde7d7fc6e13e9f95d"},
    {file = "pydantic_core-2.33.1-cp313-cp313t-manylinux_2_17_x86_64.manylinux2014_x86_64.whl", hash = "sha256:7aeb055a42d734c0255c9e489ac67e75397d59c6fbe60d155851e9782f276a9c"},
    {file = "pydantic_core-2.33.1-cp313-cp313t-win_amd64.whl", hash = "sha256:338ea9b73e6e109f15ab439e62cb3b78aa752c7fd9536794112e14bee02c8d18"},
    {file = "pydantic_core-2.33.1-cp39-cp39-macosx_10_12_x86_64.whl", hash = "sha256:5ab77f45d33d264de66e1884fca158bc920cb5e27fd0764a72f72f5756ae8bdb"},
    {file = "pydantic_core-2.33.1-cp39-cp39-macosx_11_0_arm64.whl", hash = "sha256:e7aaba1b4b03aaea7bb59e1b5856d734be011d3e6d98f5bcaa98cb30f375f2ad"},
    {file = "pydantic_core-2.33.1-cp39-cp39-manylinux_2_17_aarch64.manylinux2014_aarch64.whl", hash = "sha256:7fb66263e9ba8fea2aa85e1e5578980d127fb37d7f2e292773e7bc3a38fb0c7b"},
    {file = "pydantic_core-2.33.1-cp39-cp39-manylinux_2_17_armv7l.manylinux2014_armv7l.whl", hash = "sha256:3f2648b9262607a7fb41d782cc263b48032ff7a03a835581abbf7a3bec62bcf5"},
    {file = "pydantic_core-2.33.1-cp39-cp39-manylinux_2_17_ppc64le.manylinux2014_ppc64le.whl", hash = "sha256:723c5630c4259400818b4ad096735a829074601805d07f8cafc366d95786d331"},
    {file = "pydantic_core-2.33.1-cp39-cp39-manylinux_2_17_s390x.manylinux2014_s390x.whl", hash = "sha256:d100e3ae783d2167782391e0c1c7a20a31f55f8015f3293647544df3f9c67824"},
    {file = "pydantic_core-2.33.1-cp39-cp39-manylinux_2_17_x86_64.manylinux2014_x86_64.whl", hash = "sha256:177d50460bc976a0369920b6c744d927b0ecb8606fb56858ff542560251b19e5"},
    {file = "pydantic_core-2.33.1-cp39-cp39-manylinux_2_5_i686.manylinux1_i686.whl", hash = "sha256:a3edde68d1a1f9af1273b2fe798997b33f90308fb6d44d8550c89fc6a3647cf6"},
    {file = "pydantic_core-2.33.1-cp39-cp39-musllinux_1_1_aarch64.whl", hash = "sha256:a62c3c3ef6a7e2c45f7853b10b5bc4ddefd6ee3cd31024754a1a5842da7d598d"},
    {file = "pydantic_core-2.33.1-cp39-cp39-musllinux_1_1_armv7l.whl", hash = "sha256:c91dbb0ab683fa0cd64a6e81907c8ff41d6497c346890e26b23de7ee55353f96"},
    {file = "pydantic_core-2.33.1-cp39-cp39-musllinux_1_1_x86_64.whl", hash = "sha256:9f466e8bf0a62dc43e068c12166281c2eca72121dd2adc1040f3aa1e21ef8599"},
    {file = "pydantic_core-2.33.1-cp39-cp39-win32.whl", hash = "sha256:ab0277cedb698749caada82e5d099dc9fed3f906a30d4c382d1a21725777a1e5"},
    {file = "pydantic_core-2.33.1-cp39-cp39-win_amd64.whl", hash = "sha256:5773da0ee2d17136b1f1c6fbde543398d452a6ad2a7b54ea1033e2daa739b8d2"},
    {file = "pydantic_core-2.33.1-pp310-pypy310_pp73-macosx_10_12_x86_64.whl", hash = "sha256:5c834f54f8f4640fd7e4b193f80eb25a0602bba9e19b3cd2fc7ffe8199f5ae02"},
    {file = "pydantic_core-2.33.1-pp310-pypy310_pp73-macosx_11_0_arm64.whl", hash = "sha256:049e0de24cf23766f12cc5cc71d8abc07d4a9deb9061b334b62093dedc7cb068"},
    {file = "pydantic_core-2.33.1-pp310-pypy310_pp73-manylinux_2_17_aarch64.manylinux2014_aarch64.whl", hash = "sha256:1a28239037b3d6f16916a4c831a5a0eadf856bdd6d2e92c10a0da3a59eadcf3e"},
    {file = "pydantic_core-2.33.1-pp310-pypy310_pp73-manylinux_2_17_x86_64.manylinux2014_x86_64.whl", hash = "sha256:9d3da303ab5f378a268fa7d45f37d7d85c3ec19769f28d2cc0c61826a8de21fe"},
    {file = "pydantic_core-2.33.1-pp310-pypy310_pp73-manylinux_2_5_i686.manylinux1_i686.whl", hash = "sha256:25626fb37b3c543818c14821afe0fd3830bc327a43953bc88db924b68c5723f1"},
    {file = "pydantic_core-2.33.1-pp310-pypy310_pp73-musllinux_1_1_aarch64.whl", hash = "sha256:3ab2d36e20fbfcce8f02d73c33a8a7362980cff717926bbae030b93ae46b56c7"},
    {file = "pydantic_core-2.33.1-pp310-pypy310_pp73-musllinux_1_1_armv7l.whl", hash = "sha256:2f9284e11c751b003fd4215ad92d325d92c9cb19ee6729ebd87e3250072cdcde"},
    {file = "pydantic_core-2.33.1-pp310-pypy310_pp73-musllinux_1_1_x86_64.whl", hash = "sha256:048c01eee07d37cbd066fc512b9d8b5ea88ceeb4e629ab94b3e56965ad655add"},
    {file = "pydantic_core-2.33.1-pp310-pypy310_pp73-win_amd64.whl", hash = "sha256:5ccd429694cf26af7997595d627dd2637e7932214486f55b8a357edaac9dae8c"},
    {file = "pydantic_core-2.33.1-pp311-pypy311_pp73-macosx_10_12_x86_64.whl", hash = "sha256:3a371dc00282c4b84246509a5ddc808e61b9864aa1eae9ecc92bb1268b82db4a"},
    {file = "pydantic_core-2.33.1-pp311-pypy311_pp73-macosx_11_0_arm64.whl", hash = "sha256:f59295ecc75a1788af8ba92f2e8c6eeaa5a94c22fc4d151e8d9638814f85c8fc"},
    {file = "pydantic_core-2.33.1-pp311-pypy311_pp73-manylinux_2_17_aarch64.manylinux2014_aarch64.whl", hash = "sha256:08530b8ac922003033f399128505f513e30ca770527cc8bbacf75a84fcc2c74b"},
    {file = "pydantic_core-2.33.1-pp311-pypy311_pp73-manylinux_2_17_x86_64.manylinux2014_x86_64.whl", hash = "sha256:bae370459da6a5466978c0eacf90690cb57ec9d533f8e63e564ef3822bfa04fe"},
    {file = "pydantic_core-2.33.1-pp311-pypy311_pp73-manylinux_2_5_i686.manylinux1_i686.whl", hash = "sha256:e3de2777e3b9f4d603112f78006f4ae0acb936e95f06da6cb1a45fbad6bdb4b5"},
    {file = "pydantic_core-2.33.1-pp311-pypy311_pp73-musllinux_1_1_aarch64.whl", hash = "sha256:3a64e81e8cba118e108d7126362ea30e021291b7805d47e4896e52c791be2761"},
    {file = "pydantic_core-2.33.1-pp311-pypy311_pp73-musllinux_1_1_armv7l.whl", hash = "sha256:52928d8c1b6bda03cc6d811e8923dffc87a2d3c8b3bfd2ce16471c7147a24850"},
    {file = "pydantic_core-2.33.1-pp311-pypy311_pp73-musllinux_1_1_x86_64.whl", hash = "sha256:1b30d92c9412beb5ac6b10a3eb7ef92ccb14e3f2a8d7732e2d739f58b3aa7544"},
    {file = "pydantic_core-2.33.1-pp311-pypy311_pp73-win_amd64.whl", hash = "sha256:f995719707e0e29f0f41a8aa3bcea6e761a36c9136104d3189eafb83f5cec5e5"},
    {file = "pydantic_core-2.33.1-pp39-pypy39_pp73-macosx_10_12_x86_64.whl", hash = "sha256:7edbc454a29fc6aeae1e1eecba4f07b63b8d76e76a748532233c4c167b4cb9ea"},
    {file = "pydantic_core-2.33.1-pp39-pypy39_pp73-macosx_11_0_arm64.whl", hash = "sha256:ad05b683963f69a1d5d2c2bdab1274a31221ca737dbbceaa32bcb67359453cdd"},
    {file = "pydantic_core-2.33.1-pp39-pypy39_pp73-manylinux_2_17_aarch64.manylinux2014_aarch64.whl", hash = "sha256:df6a94bf9452c6da9b5d76ed229a5683d0306ccb91cca8e1eea883189780d568"},
    {file = "pydantic_core-2.33.1-pp39-pypy39_pp73-manylinux_2_17_x86_64.manylinux2014_x86_64.whl", hash = "sha256:7965c13b3967909a09ecc91f21d09cfc4576bf78140b988904e94f130f188396"},
    {file = "pydantic_core-2.33.1-pp39-pypy39_pp73-manylinux_2_5_i686.manylinux1_i686.whl", hash = "sha256:3f1fdb790440a34f6ecf7679e1863b825cb5ffde858a9197f851168ed08371e5"},
    {file = "pydantic_core-2.33.1-pp39-pypy39_pp73-musllinux_1_1_aarch64.whl", hash = "sha256:5277aec8d879f8d05168fdd17ae811dd313b8ff894aeeaf7cd34ad28b4d77e33"},
    {file = "pydantic_core-2.33.1-pp39-pypy39_pp73-musllinux_1_1_armv7l.whl", hash = "sha256:8ab581d3530611897d863d1a649fb0644b860286b4718db919bfd51ece41f10b"},
    {file = "pydantic_core-2.33.1-pp39-pypy39_pp73-musllinux_1_1_x86_64.whl", hash = "sha256:0483847fa9ad5e3412265c1bd72aad35235512d9ce9d27d81a56d935ef489672"},
    {file = "pydantic_core-2.33.1-pp39-pypy39_pp73-win_amd64.whl", hash = "sha256:de9e06abe3cc5ec6a2d5f75bc99b0bdca4f5c719a5b34026f8c57efbdecd2ee3"},
    {file = "pydantic_core-2.33.1.tar.gz", hash = "sha256:bcc9c6fdb0ced789245b02b7d6603e17d1563064ddcfc36f046b61c0c05dd9df"},
]

[package.dependencies]
typing-extensions = ">=4.6.0,<4.7.0 || >4.7.0"

[[package]]
name = "typing-extensions"
version = "4.13.2"
description = "Backported and Experimental Type Hints for Python 3.8+"
optional = false
python-versions = ">=3.8"
groups = ["main"]
files = [
    {file = "typing_extensions-4.13.2-py3-none-any.whl", hash = "sha256:a439e7c04b49fec3e5d3e2beaa21755cadbbdc391694e28ccdd36ca4a1408f8c"},
    {file = "typing_extensions-4.13.2.tar.gz", hash = "sha256:e6c81219bd689f51865d9e372991c540bda33a0379d5573cddb9a3a23f7caaef"},
]

[[package]]
name = "typing-inspection"
version = "0.4.0"
description = "Runtime typing introspection tools"
optional = false
python-versions = ">=3.9"
groups = ["main"]
files = [
    {file = "typing_inspection-0.4.0-py3-none-any.whl", hash = "sha256:50e72559fcd2a6367a19f7a7e610e6afcb9fac940c650290eed893d61386832f"},
    {file = "typing_inspection-0.4.0.tar.gz", hash = "sha256:9765c87de36671694a67904bf2c96e395be9c6439bb6c87b5142569dcdd65122"},
]

[package.dependencies]
typing-extensions = ">=4.12.0"

[metadata]
lock-version = "2.1"
python-versions = ">= 3.11, < 3.14"
content-hash = "3e2420434c417b6105d2189c96e3d875b1dae43d1c689a3af19f19af7e3e909d"
